<?xml version="1.0" encoding="utf-8"?>
<Project ToolsVersion="4.0" xmlns="http://schemas.microsoft.com/developer/msbuild/2003">
  <ItemGroup>
    <ClInclude Include="resource.h" />
  </ItemGroup>
  <ItemGroup>
    <ResourceCompile Include="hstsmodule.rc" />
  </ItemGroup>
  <ItemGroup>
    <None Include="hstsmodule.def" />
  </ItemGroup>
  <ItemGroup>
    <Filter Include="resources">
      <UniqueIdentifier>{e9ec16ae-e3e8-4f1b-b75a-2c8c17727646}</UniqueIdentifier>
    </Filter>
  </ItemGroup>
  <ItemGroup>
    <Xml Include="resources\HSTS_Schema.xml">
      <Filter>resources</Filter>
    </Xml>
  </ItemGroup>
  <ItemGroup>
    <ClCompile Include="HSTSIisModule.cpp" />
  </ItemGroup>
</Project>